
Microsoft Visual Studio Solution File, Format Version 12.00
# Visual Studio Version 17
VisualStudioVersion = 17.8.34322.80
MinimumVisualStudioVersion = 10.0.40219.1
Project("{9A19103F-16F7-4668-BE54-9A1E7A4F7556}") = "WebAppDiplomTST", "WebAppDiplomTST\WebAppDiplomTST.csproj", "{EC6BFE0B-E662-448F-8CFB-38AAA31005F1}"
EndProject
Global
	GlobalSection(SolutionConfigurationPlatforms) = preSolution
		Debug|Any CPU = Debug|Any CPU
		Release|Any CPU = Release|Any CPU
	EndGlobalSection
	GlobalSection(ProjectConfigurationPlatforms) = postSolution
		{EC6BFE0B-E662-448F-8CFB-38AAA31005F1}.Debug|Any CPU.ActiveCfg = Debug|Any CPU
		{EC6BFE0B-E662-448F-8CFB-38AAA31005F1}.Debug|Any CPU.Build.0 = Debug|Any CPU
		{EC6BFE0B-E662-448F-8CFB-38AAA31005F1}.Release|Any CPU.ActiveCfg = Release|Any CPU
		{EC6BFE0B-E662-448F-8CFB-38AAA31005F1}.Release|Any CPU.Build.0 = Release|Any CPU
	EndGlobalSection
	GlobalSection(SolutionProperties) = preSolution
		HideSolutionNode = FALSE
	EndGlobalSection
	GlobalSection(ExtensibilityGlobals) = postSolution
		SolutionGuid = {06ACFEBD-2518-454A-A7E8-5B2CB3C66AA5}
	EndGlobalSection
EndGlobal
